
Microsoft Visual Studio Solution File, Format Version 12.00
# Visual Studio Version 16
VisualStudioVersion = 16.0.30621.155
MinimumVisualStudioVersion = 10.0.40219.1
Project("{FAE04EC0-301F-11D3-BF4B-00C04F79EFBC}") = "ForgotPasswordNew", "ForgotPasswordNew\ForgotPasswordNew.csproj", "{950D1A96-C133-474E-BE47-BD367986B0C9}"
EndProject
Global
	GlobalSection(SolutionConfigurationPlatforms) = preSolution
		Debug|Any CPU = Debug|Any CPU
		Release|Any CPU = Release|Any CPU
	EndGlobalSection
	GlobalSection(ProjectConfigurationPlatforms) = postSolution
		{950D1A96-C133-474E-BE47-BD367986B0C9}.Debug|Any CPU.ActiveCfg = Debug|Any CPU
		{950D1A96-C133-474E-BE47-BD367986B0C9}.Debug|Any CPU.Build.0 = Debug|Any CPU
		{950D1A96-C133-474E-BE47-BD367986B0C9}.Release|Any CPU.ActiveCfg = Release|Any CPU
		{950D1A96-C133-474E-BE47-BD367986B0C9}.Release|Any CPU.Build.0 = Release|Any CPU
	EndGlobalSection
	GlobalSection(SolutionProperties) = preSolution
		HideSolutionNode = FALSE
	EndGlobalSection
	GlobalSection(ExtensibilityGlobals) = postSolution
		SolutionGuid = {08E74410-C712-4FB8-A7AD-AF6A3E76313A}
	EndGlobalSection
EndGlobal
